github.com/bufbuild/protoc-gen-validate v1.1.1-SNAPSHOT.16 h1:futtvtATGXDsMGWcAc6sWhAOoFQvmWZLmyHrvupXPig=
github.com/googleapis/googleapis v0.0.0-20241220154445-960afb319265a0c1e109e39153563b3d2b21440c h1:4wHW5BfevenoE9gyB7/vzYHZzAHyGjnH2ny4jbDkVSA=
github.com/grpc-ecosystem/grpc-gateway v2.25.1 h1:VHkS4RarxcDDqhGkHFZgk+l2PkLNq4mcJFSu+A7Hmc8=
