github.com/googleapis/googleapis v0.0.0-20241209162142-5285c0c32504691588201fd2d8b100c2cab6eca7 h1:47DEQpj8HBSa+/TImW+5JCeuQeRkm5NMpJWZG3hSuFU=
github.com/googleapis/googleapis v0.0.0-20241209162142-5285c0c32504691588201fd2d8b100c2cab6eca7 h1:47DEQpj8HBSa+/TImW+5JCeuQeRkm5NMpJWZG3hSuFU=
github.com/grpc-ecosystem/grpc-gateway v0.0.0-20241210161633-79c938c0926a9b63fc2b6de6c53a173fbf6f3be1 h1:47DEQpj8HBSa+/TImW+5JCeuQeRkm5NMpJWZG3hSuFU=
github.com/bufbuild/protoc-gen-validate v1.1.1-SNAPSHOT.14 h1:47DEQpj8HBSa+/TImW+5JCeuQeRkm5NMpJWZG3hSuFU=
github.com/googleapis/googleapis v0.0.0-20241209162142-5285c0c32504691588201fd2d8b100c2cab6eca7 h1:47DEQpj8HBSa+/TImW+5JCeuQeRkm5NMpJWZG3hSuFU=
github.com/grpc-ecosystem/grpc-gateway v0.0.0-20241210161633-79c938c0926a9b63fc2b6de6c53a173fbf6f3be1 h1:47DEQpj8HBSa+/TImW+5JCeuQeRkm5NMpJWZG3hSuFU=
